PODS:
  - Flutter (1.0.0)
  - flutter_chat (0.0.1):
    - Flutter

DEPENDENCIES:
  - Flutter (from `Flutter`)
  - flutter_chat (from `.symlinks/plugins/flutter_chat/ios`)

EXTERNAL SOURCES:
  Flutter:
    :path: Flutter
  flutter_chat:
    :path: ".symlinks/plugins/flutter_chat/ios"

SPEC CHECKSUMS:
  Flutter: 0e3d915762c693b495b44d77113d4970485de6ec
  flutter_chat: b5971645ada37aacaaa90a2c2fc283c2b3a548c5

PODFILE CHECKSUM: aafe91acc616949ddb318b77800a7f51bffa2a4c

COCOAPODS: 1.9.3
